<Solution>
  <Folder Name="/benchmarks/">
    <Project Path="benchmarks/TriasDev.Tabular.Benchmarks/TriasDev.Tabular.Benchmarks.csproj" />
    <Project Path="benchmarks/TriasDev.Tabular.Comparison/TriasDev.Tabular.Comparison.csproj" />
  </Folder>
  <Folder Name="/samples/">
    <Project Path="samples/TriasDev.Tabular.Samples.Import/TriasDev.Tabular.Samples.Import.csproj" />
    <Project Path="samples/TriasDev.Tabular.Samples.Profile/TriasDev.Tabular.Samples.Profile.csproj" />
  </Folder>
  <Folder Name="/src/">
    <Project Path="src/TriasDev.Tabular/TriasDev.Tabular.csproj" />
  </Folder>
  <Folder Name="/tests/">
    <Project Path="tests/TriasDev.Tabular.InvariantGlobalizationTests/TriasDev.Tabular.InvariantGlobalizationTests.csproj" />
    <Project Path="tests/TriasDev.Tabular.Tests/TriasDev.Tabular.Tests.csproj" />
  </Folder>
</Solution>
